{
  "name": "mbot",
  "version": "0.0.4",
  "dependencies": {
    "balanced-match": {
      "version": "0.4.2",
      "dev": true
    },
    "brace-expansion": {
      "version": "1.1.6",
      "dev": true
    },
    "browser-stdout": {
      "version": "1.3.0",
      "dev": true
    },
    "commander": {
      "version": "2.9.0",
      "dev": true
    },
    "concat-map": {
      "version": "0.0.1",
      "dev": true
    },
    "debug": {
      "version": "2.2.0",
      "dev": true
    },
    "diff": {
      "version": "1.4.0",
      "dev": true
    },
    "escape-string-regexp": {
      "version": "1.0.5",
      "dev": true
    },
    "fs.realpath": {
      "version": "1.0.0",
      "dev": true
    },
    "glob": {
      "version": "7.0.5",
      "dev": true
    },
    "graceful-readlink": {
      "version": "1.0.1",
      "dev": true
    },
    "growl": {
      "version": "1.9.2",
      "dev": true
    },
    "has-flag": {
      "version": "1.0.0",
      "dev": true
    },
    "inflight": {
      "version": "1.0.6",
      "dev": true
    },
    "inherits": {
      "version": "2.0.3",
      "dev": true
    },
    "json3": {
      "version": "3.3.2",
      "dev": true
    },
    "lodash._baseassign": {
      "version": "3.2.0",
      "dev": true
    },
    "lodash._basecopy": {
      "version": "3.0.1",
      "dev": true
    },
    "lodash._basecreate": {
      "version": "3.0.3",
      "dev": true
    },
    "lodash._getnative": {
      "version": "3.9.1",
      "dev": true
    },
    "lodash._isiterateecall": {
      "version": "3.0.9",
      "dev": true
    },
    "lodash.create": {
      "version": "3.1.1",
      "dev": true
    },
    "lodash.isarguments": {
      "version": "3.1.0",
      "dev": true
    },
    "lodash.isarray": {
      "version": "3.0.4",
      "dev": true
    },
    "lodash.keys": {
      "version": "3.1.2",
      "dev": true
    },
    "minimatch": {
      "version": "3.0.3",
      "dev": true
    },
    "minimist": {
      "version": "0.0.8",
      "dev": true
    },
    "mkdirp": {
      "version": "0.5.1",
      "dev": true
    },
    "mocha": {
      "version": "3.2.0",
      "dev": true
    },
    "ms": {
      "version": "0.7.1",
      "dev": true
    },
    "once": {
      "version": "1.4.0",
      "dev": true
    },
    "path-is-absolute": {
      "version": "1.0.1",
      "dev": true
    },
    "supports-color": {
      "version": "3.1.2",
      "dev": true
    },
    "wrappy": {
      "version": "1.0.2",
      "dev": true
    }
  }
}
